{
  "name": "l-rex",
  "version": "0.0.1",
  "lockfileVersion": 1,
  "requires": true,
  "dependencies": {
    "bootstrap": {
      "version": "3.3.7",
      "resolved": "https://registry.npmjs.org/bootstrap/-/bootstrap-3.3.7.tgz",
      "integrity": "sha1-WjiTlFSfIzMIdaOxUGVldPip63E="
    },
    "jquery": {
      "version": "3.2.1",
      "resolved": "https://registry.npmjs.org/jquery/-/jquery-3.2.1.tgz",
      "integrity": "sha1-XE2d5lKvbNCncBVKYxu6ErAVx4c="
    },
    "popper.js": {
      "version": "1.12.9",
      "resolved": "https://registry.npmjs.org/popper.js/-/popper.js-1.12.9.tgz",
      "integrity": "sha1-DfvC3/lsRRuzMu3Pz6r1ZtMx1bM="
    }
  }
}
